
Microsoft Visual Studio Solution File, Format Version 12.00
# Visual Studio Version 16
VisualStudioVersion = 16.0.33801.447
MinimumVisualStudioVersion = 10.0.40219.1
Project("{FAE04EC0-301F-11D3-BF4B-00C04F79EFBC}") = "SixPartAssignment.cs", "SixPartAssignment.cs\SixPartAssignment.cs.csproj", "{207AE710-9328-45AF-8B2D-58C11170B74E}"
EndProject
Global
	GlobalSection(SolutionConfigurationPlatforms) = preSolution
		Debug|Any CPU = Debug|Any CPU
		Release|Any CPU = Release|Any CPU
	EndGlobalSection
	GlobalSection(ProjectConfigurationPlatforms) = postSolution
		{207AE710-9328-45AF-8B2D-58C11170B74E}.Debug|Any CPU.ActiveCfg = Debug|Any CPU
		{207AE710-9328-45AF-8B2D-58C11170B74E}.Debug|Any CPU.Build.0 = Debug|Any CPU
		{207AE710-9328-45AF-8B2D-58C11170B74E}.Release|Any CPU.ActiveCfg = Release|Any CPU
		{207AE710-9328-45AF-8B2D-58C11170B74E}.Release|Any CPU.Build.0 = Release|Any CPU
	EndGlobalSection
	GlobalSection(SolutionProperties) = preSolution
		HideSolutionNode = FALSE
	EndGlobalSection
	GlobalSection(ExtensibilityGlobals) = postSolution
		SolutionGuid = {A70E089C-F67C-4192-BFAD-826FEFC6D1B3}
	EndGlobalSection
EndGlobal
