
Microsoft Visual Studio Solution File, Format Version 12.00
# Visual Studio Version 16
VisualStudioVersion = 16.0.33801.447
MinimumVisualStudioVersion = 10.0.40219.1
Project("{FAE04EC0-301F-11D3-BF4B-00C04F79EFBC}") = "BranchingAssignment.cs", "BranchingAssignment.cs\BranchingAssignment.cs.csproj", "{11970577-B451-4D9D-9D11-0C0065A4C5C0}"
EndProject
Global
	GlobalSection(SolutionConfigurationPlatforms) = preSolution
		Debug|Any CPU = Debug|Any CPU
		Release|Any CPU = Release|Any CPU
	EndGlobalSection
	GlobalSection(ProjectConfigurationPlatforms) = postSolution
		{11970577-B451-4D9D-9D11-0C0065A4C5C0}.Debug|Any CPU.ActiveCfg = Debug|Any CPU
		{11970577-B451-4D9D-9D11-0C0065A4C5C0}.Debug|Any CPU.Build.0 = Debug|Any CPU
		{11970577-B451-4D9D-9D11-0C0065A4C5C0}.Release|Any CPU.ActiveCfg = Release|Any CPU
		{11970577-B451-4D9D-9D11-0C0065A4C5C0}.Release|Any CPU.Build.0 = Release|Any CPU
	EndGlobalSection
	GlobalSection(SolutionProperties) = preSolution
		HideSolutionNode = FALSE
	EndGlobalSection
	GlobalSection(ExtensibilityGlobals) = postSolution
		SolutionGuid = {72E00886-0A94-4A8F-A245-B718C8643387}
	EndGlobalSection
EndGlobal
