
Microsoft Visual Studio Solution File, Format Version 12.00
# Visual Studio Version 16
VisualStudioVersion = 16.0.33801.447
MinimumVisualStudioVersion = 10.0.40219.1
Project("{FAE04EC0-301F-11D3-BF4B-00C04F79EFBC}") = "ExceptionHandling.cs", "ExceptionHandling.cs\ExceptionHandling.cs.csproj", "{9B16EB85-9AD3-4D41-A7E8-90E09E4EEF28}"
EndProject
Global
	GlobalSection(SolutionConfigurationPlatforms) = preSolution
		Debug|Any CPU = Debug|Any CPU
		Release|Any CPU = Release|Any CPU
	EndGlobalSection
	GlobalSection(ProjectConfigurationPlatforms) = postSolution
		{9B16EB85-9AD3-4D41-A7E8-90E09E4EEF28}.Debug|Any CPU.ActiveCfg = Debug|Any CPU
		{9B16EB85-9AD3-4D41-A7E8-90E09E4EEF28}.Debug|Any CPU.Build.0 = Debug|Any CPU
		{9B16EB85-9AD3-4D41-A7E8-90E09E4EEF28}.Release|Any CPU.ActiveCfg = Release|Any CPU
		{9B16EB85-9AD3-4D41-A7E8-90E09E4EEF28}.Release|Any CPU.Build.0 = Release|Any CPU
	EndGlobalSection
	GlobalSection(SolutionProperties) = preSolution
		HideSolutionNode = FALSE
	EndGlobalSection
	GlobalSection(ExtensibilityGlobals) = postSolution
		SolutionGuid = {E76BED72-B02C-4E43-8D2B-A45BF3CCD930}
	EndGlobalSection
EndGlobal
