
Microsoft Visual Studio Solution File, Format Version 12.00
# Visual Studio Version 16
VisualStudioVersion = 16.0.33801.447
MinimumVisualStudioVersion = 10.0.40219.1
Project("{FAE04EC0-301F-11D3-BF4B-00C04F79EFBC}") = "StringFunctions.cs", "StringFunctions.cs\StringFunctions.cs.csproj", "{6E964C0D-FF5A-409F-9D06-FD63F0EBFC4A}"
EndProject
Global
	GlobalSection(SolutionConfigurationPlatforms) = preSolution
		Debug|Any CPU = Debug|Any CPU
		Release|Any CPU = Release|Any CPU
	EndGlobalSection
	GlobalSection(ProjectConfigurationPlatforms) = postSolution
		{6E964C0D-FF5A-409F-9D06-FD63F0EBFC4A}.Debug|Any CPU.ActiveCfg = Debug|Any CPU
		{6E964C0D-FF5A-409F-9D06-FD63F0EBFC4A}.Debug|Any CPU.Build.0 = Debug|Any CPU
		{6E964C0D-FF5A-409F-9D06-FD63F0EBFC4A}.Release|Any CPU.ActiveCfg = Release|Any CPU
		{6E964C0D-FF5A-409F-9D06-FD63F0EBFC4A}.Release|Any CPU.Build.0 = Release|Any CPU
	EndGlobalSection
	GlobalSection(SolutionProperties) = preSolution
		HideSolutionNode = FALSE
	EndGlobalSection
	GlobalSection(ExtensibilityGlobals) = postSolution
		SolutionGuid = {1016338F-3C75-44A6-905E-3E6E1AEB0BF9}
	EndGlobalSection
EndGlobal
